// !$*UTF8*$!
{
	archiveVersion = 1;
	classes = {
	};
	objectVersion = 56;
	objects = {

/* Begin PBXBuildFile section */
		C398A7632B7371C800C0D715 /* AppDelegate.swift in Sources */ = {isa = PBXBuildFile; fileRef = C398A7622B7371C800C0D715 /* AppDelegate.swift */; };
		C398A7652B7371C800C0D715 /* SceneDelegate.swift in Sources */ = {isa = PBXBuildFile; fileRef = C398A7642B7371C800C0D715 /* SceneDelegate.swift */; };
		C398A7672B7371C800C0D715 /* DetectorViewController.swift in Sources */ = {isa = PBXBuildFile; fileRef = C398A7662B7371C800C0D715 /* DetectorViewController.swift */; };
		C398A76C2B7371CB00C0D715 /* Assets.xcassets in Resources */ = {isa = PBXBuildFile; fileRef = C398A76B2B7371CB00C0D715 /* Assets.xcassets */; };
		C398A76F2B7371CB00C0D715 /* LaunchScreen.storyboard in Resources */ = {isa = PBXBuildFile; fileRef = C398A76D2B7371CB00C0D715 /* LaunchScreen.storyboard */; };
		C398A7782B7372CF00C0D715 /* SnapKit in Frameworks */ = {isa = PBXBuildFile; productRef = C398A7772B7372CF00C0D715 /* SnapKit */; };
		C398A77C2B7373A900C0D715 /* DetectorView.swift in Sources */ = {isa = PBXBuildFile; fileRef = C398A77B2B7373A900C0D715 /* DetectorView.swift */; };
		C398A77E2B7373D700C0D715 /* PhotoPreviewView.swift in Sources */ = {isa = PBXBuildFile; fileRef = C398A77D2B7373D700C0D715 /* PhotoPreviewView.swift */; };
		C398A7812B73742700C0D715 /* UIColor ++ extension.swift in Sources */ = {isa = PBXBuildFile; fileRef = C398A7802B73742700C0D715 /* UIColor ++ extension.swift */; };
		C398A7832B73744300C0D715 /* PhotoPreviewViewController.swift in Sources */ = {isa = PBXBuildFile; fileRef = C398A7822B73744300C0D715 /* PhotoPreviewViewController.swift */; };
		C398A7852B73755900C0D715 /* CameraView.swift in Sources */ = {isa = PBXBuildFile; fileRef = C398A7842B73755900C0D715 /* CameraView.swift */; };
/* End PBXBuildFile section */

/* Begin PBXFileReference section */
		C398A75F2B7371C800C0D715 /* SquareDetector.app */ = {isa = PBXFileReference; explicitFileType = wrapper.application; includeInIndex = 0; path = SquareDetector.app; sourceTree = BUILT_PRODUCTS_DIR; };
		C398A7622B7371C800C0D715 /* AppDelegate.swift */ = {isa = PBXFileReference; lastKnownFileType = sourcecode.swift; path = AppDelegate.swift; sourceTree = "<group>"; };
		C398A7642B7371C800C0D715 /* SceneDelegate.swift */ = {isa = PBXFileReference; lastKnownFileType = sourcecode.swift; path = SceneDelegate.swift; sourceTree = "<group>"; };
		C398A7662B7371C800C0D715 /* DetectorViewController.swift */ = {isa = PBXFileReference; lastKnownFileType = sourcecode.swift; path = DetectorViewController.swift; sourceTree = "<group>"; };
		C398A76B2B7371CB00C0D715 /* Assets.xcassets */ = {isa = PBXFileReference; lastKnownFileType = folder.assetcatalog; path = Assets.xcassets; sourceTree = "<group>"; };
		C398A76E2B7371CB00C0D715 /* Base */ = {isa = PBXFileReference; lastKnownFileType = file.storyboard; name = Base; path = Base.lproj/LaunchScreen.storyboard; sourceTree = "<group>"; };
		C398A7702B7371CB00C0D715 /* Info.plist */ = {isa = PBXFileReference; lastKnownFileType = text.plist.xml; path = Info.plist; sourceTree = "<group>"; };
		C398A77B2B7373A900C0D715 /* DetectorView.swift */ = {isa = PBXFileReference; lastKnownFileType = sourcecode.swift; path = DetectorView.swift; sourceTree = "<group>"; };
		C398A77D2B7373D700C0D715 /* PhotoPreviewView.swift */ = {isa = PBXFileReference; lastKnownFileType = sourcecode.swift; path = PhotoPreviewView.swift; sourceTree = "<group>"; };
		C398A7802B73742700C0D715 /* UIColor ++ extension.swift */ = {isa = PBXFileReference; lastKnownFileType = sourcecode.swift; path = "UIColor ++ extension.swift"; sourceTree = "<group>"; };
		C398A7822B73744300C0D715 /* PhotoPreviewViewController.swift */ = {isa = PBXFileReference; lastKnownFileType = sourcecode.swift; path = PhotoPreviewViewController.swift; sourceTree = "<group>"; };
		C398A7842B73755900C0D715 /* CameraView.swift */ = {isa = PBXFileReference; lastKnownFileType = sourcecode.swift; path = CameraView.swift; sourceTree = "<group>"; };
/* End PBXFileReference section */

/* Begin PBXFrameworksBuildPhase section */
		C398A75C2B7371C800C0D715 /* Frameworks */ = {
			isa = PBXFrameworksBuildPhase;
			buildActionMask = 2147483647;
			files = (
				C398A7782B7372CF00C0D715 /* SnapKit in Frameworks */,
			);
			runOnlyForDeploymentPostprocessing = 0;
		};
/* End PBXFrameworksBuildPhase section */

/* Begin PBXGroup section */
		C398A7562B7371C800C0D715 = {
			isa = PBXGroup;
			children = (
				C398A7612B7371C800C0D715 /* SquareDetector */,
				C398A7602B7371C800C0D715 /* Products */,
			);
			sourceTree = "<group>";
		};
		C398A7602B7371C800C0D715 /* Products */ = {
			isa = PBXGroup;
			children = (
				C398A75F2B7371C800C0D715 /* SquareDetector.app */,
			);
			name = Products;
			sourceTree = "<group>";
		};
		C398A7612B7371C800C0D715 /* SquareDetector */ = {
			isa = PBXGroup;
			children = (
				C398A7622B7371C800C0D715 /* AppDelegate.swift */,
				C398A7642B7371C800C0D715 /* SceneDelegate.swift */,
				C398A77A2B73738300C0D715 /* View */,
				C398A7792B73737F00C0D715 /* Controller */,
				C398A77F2B7373EA00C0D715 /* Utility */,
				C398A76B2B7371CB00C0D715 /* Assets.xcassets */,
				C398A76D2B7371CB00C0D715 /* LaunchScreen.storyboard */,
				C398A7702B7371CB00C0D715 /* Info.plist */,
			);
			path = SquareDetector;
			sourceTree = "<group>";
		};
		C398A7792B73737F00C0D715 /* Controller */ = {
			isa = PBXGroup;
			children = (
				C398A7662B7371C800C0D715 /* DetectorViewController.swift */,
				C398A7822B73744300C0D715 /* PhotoPreviewViewController.swift */,
			);
			path = Controller;
			sourceTree = "<group>";
		};
		C398A77A2B73738300C0D715 /* View */ = {
			isa = PBXGroup;
			children = (
				C398A77B2B7373A900C0D715 /* DetectorView.swift */,
				C398A7842B73755900C0D715 /* CameraView.swift */,
				C398A77D2B7373D700C0D715 /* PhotoPreviewView.swift */,
			);
			path = View;
			sourceTree = "<group>";
		};
		C398A77F2B7373EA00C0D715 /* Utility */ = {
			isa = PBXGroup;
			children = (
				C398A7802B73742700C0D715 /* UIColor ++ extension.swift */,
			);
			path = Utility;
			sourceTree = "<group>";
		};
/* End PBXGroup section */

/* Begin PBXNativeTarget section */
		C398A75E2B7371C800C0D715 /* SquareDetector */ = {
			isa = PBXNativeTarget;
			buildConfigurationList = C398A7732B7371CB00C0D715 /* Build configuration list for PBXNativeTarget "SquareDetector" */;
			buildPhases = (
				C398A75B2B7371C800C0D715 /* Sources */,
				C398A75C2B7371C800C0D715 /* Frameworks */,
				C398A75D2B7371C800C0D715 /* Resources */,
			);
			buildRules = (
			);
			dependencies = (
			);
			name = SquareDetector;
			packageProductDependencies = (
				C398A7772B7372CF00C0D715 /* SnapKit */,
			);
			productName = SquareDetector;
			productReference = C398A75F2B7371C800C0D715 /* SquareDetector.app */;
			productType = "com.apple.product-type.application";
		};
/* End PBXNativeTarget section */

/* Begin PBXProject section */
		C398A7572B7371C800C0D715 /* Project object */ = {
			isa = PBXProject;
			attributes = {
				BuildIndependentTargetsInParallel = 1;
				LastSwiftUpdateCheck = 1500;
				LastUpgradeCheck = 1500;
				TargetAttributes = {
					C398A75E2B7371C800C0D715 = {
						CreatedOnToolsVersion = 15.0;
					};
				};
			};
			buildConfigurationList = C398A75A2B7371C800C0D715 /* Build configuration list for PBXProject "SquareDetector" */;
			compatibilityVersion = "Xcode 14.0";
			developmentRegion = en;
			hasScannedForEncodings = 0;
			knownRegions = (
				en,
				Base,
			);
			mainGroup = C398A7562B7371C800C0D715;
			packageReferences = (
				C398A7762B7372CF00C0D715 /* XCRemoteSwiftPackageReference "SnapKit" */,
			);
			productRefGroup = C398A7602B7371C800C0D715 /* Products */;
			projectDirPath = "";
			projectRoot = "";
			targets = (
				C398A75E2B7371C800C0D715 /* SquareDetector */,
			);
		};
/* End PBXProject section */

/* Begin PBXResourcesBuildPhase section */
		C398A75D2B7371C800C0D715 /* Resources */ = {
			isa = PBXResourcesBuildPhase;
			buildActionMask = 2147483647;
			files = (
				C398A76F2B7371CB00C0D715 /* LaunchScreen.storyboard in Resources */,
				C398A76C2B7371CB00C0D715 /* Assets.xcassets in Resources */,
			);
			runOnlyForDeploymentPostprocessing = 0;
		};
/* End PBXResourcesBuildPhase section */

/* Begin PBXSourcesBuildPhase section */
		C398A75B2B7371C800C0D715 /* Sources */ = {
			isa = PBXSourcesBuildPhase;
			buildActionMask = 2147483647;
			files = (
				C398A7832B73744300C0D715 /* PhotoPreviewViewController.swift in Sources */,
				C398A7672B7371C800C0D715 /* DetectorViewController.swift in Sources */,
				C398A7632B7371C800C0D715 /* AppDelegate.swift in Sources */,
				C398A77C2B7373A900C0D715 /* DetectorView.swift in Sources */,
				C398A7812B73742700C0D715 /* UIColor ++ extension.swift in Sources */,
				C398A77E2B7373D700C0D715 /* PhotoPreviewView.swift in Sources */,
				C398A7652B7371C800C0D715 /* SceneDelegate.swift in Sources */,
				C398A7852B73755900C0D715 /* CameraView.swift in Sources */,
			);
			runOnlyForDeploymentPostprocessing = 0;
		};
/* End PBXSourcesBuildPhase section */

/* Begin PBXVariantGroup section */
		C398A76D2B7371CB00C0D715 /* LaunchScreen.storyboard */ = {
			isa = PBXVariantGroup;
			children = (
				C398A76E2B7371CB00C0D715 /* Base */,
			);
			name = LaunchScreen.storyboard;
			sourceTree = "<group>";
		};
/* End PBXVariantGroup section */

/* Begin XCBuildConfiguration section */
		C398A7712B7371CB00C0D715 /* Debug */ = {
			isa = XCBuildConfiguration;
			buildSettings = {
				ALWAYS_SEARCH_USER_PATHS = NO;
				ASSETCATALOG_COMPILER_GENERATE_SWIFT_ASSET_SYMBOL_EXTENSIONS = YES;
				CLANG_ANALYZER_NONNULL = YES;
				CLANG_ANALYZER_NUMBER_OBJECT_CONVERSION = YES_AGGRESSIVE;
				CLANG_CXX_LANGUAGE_STANDARD = "gnu++20";
				CLANG_ENABLE_MODULES = YES;
				CLANG_ENABLE_OBJC_ARC = YES;
				CLANG_ENABLE_OBJC_WEAK = YES;
				CLANG_WARN_BLOCK_CAPTURE_AUTORELEASING = YES;
				CLANG_WARN_BOOL_CONVERSION = YES;
				CLANG_WARN_COMMA = YES;
				CLANG_WARN_CONSTANT_CONVERSION = YES;
				CLANG_WARN_DEPRECATED_OBJC_IMPLEMENTATIONS = YES;
				CLANG_WARN_DIRECT_OBJC_ISA_USAGE = YES_ERROR;
				CLANG_WARN_DOCUMENTATION_COMMENTS = YES;
				CLANG_WARN_EMPTY_BODY = YES;
				CLANG_WARN_ENUM_CONVERSION = YES;
				CLANG_WARN_INFINITE_RECURSION = YES;
				CLANG_WARN_INT_CONVERSION = YES;
				CLANG_WARN_NON_LITERAL_NULL_CONVERSION = YES;
				CLANG_WARN_OBJC_IMPLICIT_RETAIN_SELF = YES;
				CLANG_WARN_OBJC_LITERAL_CONVERSION = YES;
				CLANG_WARN_OBJC_ROOT_CLASS = YES_ERROR;
				CLANG_WARN_QUOTED_INCLUDE_IN_FRAMEWORK_HEADER = YES;
				CLANG_WARN_RANGE_LOOP_ANALYSIS = YES;
				CLANG_WARN_STRICT_PROTOTYPES = YES;
				CLANG_WARN_SUSPICIOUS_MOVE = YES;
				CLANG_WARN_UNGUARDED_AVAILABILITY = YES_AGGRESSIVE;
				CLANG_WARN_UNREACHABLE_CODE = YES;
				CLANG_WARN__DUPLICATE_METHOD_MATCH = YES;
				COPY_PHASE_STRIP = NO;
				DEBUG_INFORMATION_FORMAT = dwarf;
				ENABLE_STRICT_OBJC_MSGSEND = YES;
				ENABLE_TESTABILITY = YES;
				ENABLE_USER_SCRIPT_SANDBOXING = YES;
				GCC_C_LANGUAGE_STANDARD = gnu17;
				GCC_DYNAMIC_NO_PIC = NO;
				GCC_NO_COMMON_BLOCKS = YES;
				GCC_OPTIMIZATION_LEVEL = 0;
				GCC_PREPROCESSOR_DEFINITIONS = (
					"DEBUG=1",
					"$(inherited)",
				);
				GCC_WARN_64_TO_32_BIT_CONVERSION = YES;
				GCC_WARN_ABOUT_RETURN_TYPE = YES_ERROR;
				GCC_WARN_UNDECLARED_SELECTOR = YES;
				GCC_WARN_UNINITIALIZED_AUTOS = YES_AGGRESSIVE;
				GCC_WARN_UNUSED_FUNCTION = YES;
				GCC_WARN_UNUSED_VARIABLE = YES;
				IPHONEOS_DEPLOYMENT_TARGET = 17.0;
				LOCALIZATION_PREFERS_STRING_CATALOGS = YES;
				MTL_ENABLE_DEBUG_INFO = INCLUDE_SOURCE;
				MTL_FAST_MATH = YES;
				ONLY_ACTIVE_ARCH = YES;
				SDKROOT = iphoneos;
				SWIFT_ACTIVE_COMPILATION_CONDITIONS = "DEBUG $(inherited)";
				SWIFT_OPTIMIZATION_LEVEL = "-Onone";
			};
			name = Debug;
		};
		C398A7722B7371CB00C0D715 /* Release */ = {
			isa = XCBuildConfiguration;
			buildSettings = {
				ALWAYS_SEARCH_USER_PATHS = NO;
				ASSETCATALOG_COMPILER_GENERATE_SWIFT_ASSET_SYMBOL_EXTENSIONS = YES;
				CLANG_ANALYZER_NONNULL = YES;
				CLANG_ANALYZER_NUMBER_OBJECT_CONVERSION = YES_AGGRESSIVE;
				CLANG_CXX_LANGUAGE_STANDARD = "gnu++20";
				CLANG_ENABLE_MODULES = YES;
				CLANG_ENABLE_OBJC_ARC = YES;
				CLANG_ENABLE_OBJC_WEAK = YES;
				CLANG_WARN_BLOCK_CAPTURE_AUTORELEASING = YES;
				CLANG_WARN_BOOL_CONVERSION = YES;
				CLANG_WARN_COMMA = YES;
				CLANG_WARN_CONSTANT_CONVERSION = YES;
				CLANG_WARN_DEPRECATED_OBJC_IMPLEMENTATIONS = YES;
				CLANG_WARN_DIRECT_OBJC_ISA_USAGE = YES_ERROR;
				CLANG_WARN_DOCUMENTATION_COMMENTS = YES;
				CLANG_WARN_EMPTY_BODY = YES;
				CLANG_WARN_ENUM_CONVERSION = YES;
				CLANG_WARN_INFINITE_RECURSION = YES;
				CLANG_WARN_INT_CONVERSION = YES;
				CLANG_WARN_NON_LITERAL_NULL_CONVERSION = YES;
				CLANG_WARN_OBJC_IMPLICIT_RETAIN_SELF = YES;
				CLANG_WARN_OBJC_LITERAL_CONVERSION = YES;
				CLANG_WARN_OBJC_ROOT_CLASS = YES_ERROR;
				CLANG_WARN_QUOTED_INCLUDE_IN_FRAMEWORK_HEADER = YES;
				CLANG_WARN_RANGE_LOOP_ANALYSIS = YES;
				CLANG_WARN_STRICT_PROTOTYPES = YES;
				CLANG_WARN_SUSPICIOUS_MOVE = YES;
				CLANG_WARN_UNGUARDED_AVAILABILITY = YES_AGGRESSIVE;
				CLANG_WARN_UNREACHABLE_CODE = YES;
				CLANG_WARN__DUPLICATE_METHOD_MATCH = YES;
				COPY_PHASE_STRIP = NO;
				DEBUG_INFORMATION_FORMAT = "dwarf-with-dsym";
				ENABLE_NS_ASSERTIONS = NO;
				ENABLE_STRICT_OBJC_MSGSEND = YES;
				ENABLE_USER_SCRIPT_SANDBOXING = YES;
				GCC_C_LANGUAGE_STANDARD = gnu17;
				GCC_NO_COMMON_BLOCKS = YES;
				GCC_WARN_64_TO_32_BIT_CONVERSION = YES;
				GCC_WARN_ABOUT_RETURN_TYPE = YES_ERROR;
				GCC_WARN_UNDECLARED_SELECTOR = YES;
				GCC_WARN_UNINITIALIZED_AUTOS = YES_AGGRESSIVE;
				GCC_WARN_UNUSED_FUNCTION = YES;
				GCC_WARN_UNUSED_VARIABLE = YES;
				IPHONEOS_DEPLOYMENT_TARGET = 17.0;
				LOCALIZATION_PREFERS_STRING_CATALOGS = YES;
				MTL_ENABLE_DEBUG_INFO = NO;
				MTL_FAST_MATH = YES;
				SDKROOT = iphoneos;
				SWIFT_COMPILATION_MODE = wholemodule;
				VALIDATE_PRODUCT = YES;
			};
			name = Release;
		};
		C398A7742B7371CB00C0D715 /* Debug */ = {
			isa = XCBuildConfiguration;
			buildSettings = {
				ASSETCATALOG_COMPILER_APPICON_NAME = AppIcon;
				ASSETCATALOG_COMPILER_GLOBAL_ACCENT_COLOR_NAME = AccentColor;
				CODE_SIGN_STYLE = Automatic;
				CURRENT_PROJECT_VERSION = 1;
				DEVELOPMENT_TEAM = 85T5UV3AAF;
				GENERATE_INFOPLIST_FILE = YES;
				INFOPLIST_FILE = SquareDetector/Info.plist;
				INFOPLIST_KEY_UIApplicationSupportsIndirectInputEvents = YES;
				INFOPLIST_KEY_UILaunchStoryboardName = LaunchScreen;
				INFOPLIST_KEY_UISupportedInterfaceOrientations_iPad = "UIInterfaceOrientationPortrait UIInterfaceOrientationPortraitUpsideDown UIInterfaceOrientationLandscapeLeft UIInterfaceOrientationLandscapeRight";
				INFOPLIST_KEY_UISupportedInterfaceOrientations_iPhone = "UIInterfaceOrientationPortrait UIInterfaceOrientationLandscapeLeft UIInterfaceOrientationLandscapeRight";
				IPHONEOS_DEPLOYMENT_TARGET = 14.0;
				LD_RUNPATH_SEARCH_PATHS = (
					"$(inherited)",
					"@executable_path/Frameworks",
				);
				MARKETING_VERSION = 1.0;
				PRODUCT_BUNDLE_IDENTIFIER = GGomidle.SquareDetector;
				PRODUCT_NAME = "$(TARGET_NAME)";
				SUPPORTED_PLATFORMS = "iphoneos iphonesimulator";
				SUPPORTS_MACCATALYST = NO;
				SUPPORTS_MAC_DESIGNED_FOR_IPHONE_IPAD = NO;
				SWIFT_EMIT_LOC_STRINGS = YES;
				SWIFT_VERSION = 5.0;
				TARGETED_DEVICE_FAMILY = 1;
			};
			name = Debug;
		};
		C398A7752B7371CB00C0D715 /* Release */ = {
			isa = XCBuildConfiguration;
			buildSettings = {
				ASSETCATALOG_COMPILER_APPICON_NAME = AppIcon;
				ASSETCATALOG_COMPILER_GLOBAL_ACCENT_COLOR_NAME = AccentColor;
				CODE_SIGN_STYLE = Automatic;
				CURRENT_PROJECT_VERSION = 1;
				DEVELOPMENT_TEAM = 85T5UV3AAF;
				GENERATE_INFOPLIST_FILE = YES;
				INFOPLIST_FILE = SquareDetector/Info.plist;
				INFOPLIST_KEY_UIApplicationSupportsIndirectInputEvents = YES;
				INFOPLIST_KEY_UILaunchStoryboardName = LaunchScreen;
				INFOPLIST_KEY_UISupportedInterfaceOrientations_iPad = "UIInterfaceOrientationPortrait UIInterfaceOrientationPortraitUpsideDown UIInterfaceOrientationLandscapeLeft UIInterfaceOrientationLandscapeRight";
				INFOPLIST_KEY_UISupportedInterfaceOrientations_iPhone = "UIInterfaceOrientationPortrait UIInterfaceOrientationLandscapeLeft UIInterfaceOrientationLandscapeRight";
				IPHONEOS_DEPLOYMENT_TARGET = 14.0;
				LD_RUNPATH_SEARCH_PATHS = (
					"$(inherited)",
					"@executable_path/Frameworks",
				);
				MARKETING_VERSION = 1.0;
				PRODUCT_BUNDLE_IDENTIFIER = GGomidle.SquareDetector;
				PRODUCT_NAME = "$(TARGET_NAME)";
				SUPPORTED_PLATFORMS = "iphoneos iphonesimulator";
				SUPPORTS_MACCATALYST = NO;
				SUPPORTS_MAC_DESIGNED_FOR_IPHONE_IPAD = NO;
				SWIFT_EMIT_LOC_STRINGS = YES;
				SWIFT_VERSION = 5.0;
				TARGETED_DEVICE_FAMILY = 1;
			};
			name = Release;
		};
/* End XCBuildConfiguration section */

/* Begin XCConfigurationList section */
		C398A75A2B7371C800C0D715 /* Build configuration list for PBXProject "SquareDetector" */ = {
			isa = XCConfigurationList;
			buildConfigurations = (
				C398A7712B7371CB00C0D715 /* Debug */,
				C398A7722B7371CB00C0D715 /* Release */,
			);
			defaultConfigurationIsVisible = 0;
			defaultConfigurationName = Release;
		};
		C398A7732B7371CB00C0D715 /* Build configuration list for PBXNativeTarget "SquareDetector" */ = {
			isa = XCConfigurationList;
			buildConfigurations = (
				C398A7742B7371CB00C0D715 /* Debug */,
				C398A7752B7371CB00C0D715 /* Release */,
			);
			defaultConfigurationIsVisible = 0;
			defaultConfigurationName = Release;
		};
/* End XCConfigurationList section */

/* Begin XCRemoteSwiftPackageReference section */
		C398A7762B7372CF00C0D715 /* XCRemoteSwiftPackageReference "SnapKit" */ = {
			isa = XCRemoteSwiftPackageReference;
			repositoryURL = "https://github.com/SnapKit/SnapKit.git";
			requirement = {
				kind = upToNextMajorVersion;
				minimumVersion = 5.7.0;
			};
		};
/* End XCRemoteSwiftPackageReference section */

/* Begin XCSwiftPackageProductDependency section */
		C398A7772B7372CF00C0D715 /* SnapKit */ = {
			isa = XCSwiftPackageProductDependency;
			package = C398A7762B7372CF00C0D715 /* XCRemoteSwiftPackageReference "SnapKit" */;
			productName = SnapKit;
		};
/* End XCSwiftPackageProductDependency section */
	};
	rootObject = C398A7572B7371C800C0D715 /* Project object */;
}
